
Microsoft Visual Studio Solution File, Format Version 12.00
# Visual Studio Version 17
VisualStudioVersion = 17.4.33213.308
MinimumVisualStudioVersion = 10.0.40219.1
Project("{FAE04EC0-301F-11D3-BF4B-00C04F79EFBC}") = "ServicioAzureIAS", "ServicioAzureIAS\ServicioAzureIAS.csproj", "{DA32E3BF-11E2-4AFE-AAB1-A319801F004C}"
EndProject
Project("{54435603-DBB4-11D2-8724-00A0C9A8B90C}") = "ServicioAzureIASInstaller", "ServicioAzureIASInstaller\ServicioAzureIASInstaller.vdproj", "{99938844-4E04-4406-9518-2FD8E7666DA0}"
EndProject
Project("{FAE04EC0-301F-11D3-BF4B-00C04F79EFBC}") = "ServicioMigracionClientes", "ServicioMigracionClientes\ServicioMigracionClientes.csproj", "{180DF67F-E924-4340-A7EB-2B402C564BF8}"
EndProject
Project("{54435603-DBB4-11D2-8724-00A0C9A8B90C}") = "ServicioMigracionClientesInstaller", "ServicioMigracionClientesInstaller\ServicioMigracionClientesInstaller.vdproj", "{6FB6F35B-63D4-4D73-9CCC-F7C992F97D69}"
EndProject
Project("{FAE04EC0-301F-11D3-BF4B-00C04F79EFBC}") = "ServicioGladconData", "ServicioGladconData\ServicioGladconData.csproj", "{E167155F-C606-4600-ADFC-00379EE12EDC}"
EndProject
Project("{54435603-DBB4-11D2-8724-00A0C9A8B90C}") = "ServicioGladconDataInstaller", "ServicioGladconDataInstaller\ServicioGladconDataInstaller.vdproj", "{D1B2BF57-48C9-481B-8FFD-740854E7169F}"
EndProject
Project("{FAE04EC0-301F-11D3-BF4B-00C04F79EFBC}") = "ServicioServidorVPN", "ServicioServidorVPN\ServicioServidorVPN.csproj", "{701D4FA8-F8A8-41C7-A641-A740C909CE8A}"
EndProject
Project("{54435603-DBB4-11D2-8724-00A0C9A8B90C}") = "ServicioServidorVPNInstaller", "ServicioServidorVPNInstaller\ServicioServidorVPNInstaller.vdproj", "{E7C970D5-C16F-46BC-916A-DE707311C152}"
EndProject
Global
	GlobalSection(SolutionConfigurationPlatforms) = preSolution
		Debug|Any CPU = Debug|Any CPU
		Release|Any CPU = Release|Any CPU
	EndGlobalSection
	GlobalSection(ProjectConfigurationPlatforms) = postSolution
		{DA32E3BF-11E2-4AFE-AAB1-A319801F004C}.Debug|Any CPU.ActiveCfg = Debug|Any CPU
		{DA32E3BF-11E2-4AFE-AAB1-A319801F004C}.Debug|Any CPU.Build.0 = Debug|Any CPU
		{DA32E3BF-11E2-4AFE-AAB1-A319801F004C}.Release|Any CPU.ActiveCfg = Release|Any CPU
		{DA32E3BF-11E2-4AFE-AAB1-A319801F004C}.Release|Any CPU.Build.0 = Release|Any CPU
		{99938844-4E04-4406-9518-2FD8E7666DA0}.Debug|Any CPU.ActiveCfg = Debug
		{99938844-4E04-4406-9518-2FD8E7666DA0}.Release|Any CPU.ActiveCfg = Release
		{180DF67F-E924-4340-A7EB-2B402C564BF8}.Debug|Any CPU.ActiveCfg = Debug|Any CPU
		{180DF67F-E924-4340-A7EB-2B402C564BF8}.Debug|Any CPU.Build.0 = Debug|Any CPU
		{180DF67F-E924-4340-A7EB-2B402C564BF8}.Release|Any CPU.ActiveCfg = Release|Any CPU
		{180DF67F-E924-4340-A7EB-2B402C564BF8}.Release|Any CPU.Build.0 = Release|Any CPU
		{6FB6F35B-63D4-4D73-9CCC-F7C992F97D69}.Debug|Any CPU.ActiveCfg = Debug
		{6FB6F35B-63D4-4D73-9CCC-F7C992F97D69}.Release|Any CPU.ActiveCfg = Release
		{E167155F-C606-4600-ADFC-00379EE12EDC}.Debug|Any CPU.ActiveCfg = Debug|Any CPU
		{E167155F-C606-4600-ADFC-00379EE12EDC}.Debug|Any CPU.Build.0 = Debug|Any CPU
		{E167155F-C606-4600-ADFC-00379EE12EDC}.Release|Any CPU.ActiveCfg = Release|Any CPU
		{E167155F-C606-4600-ADFC-00379EE12EDC}.Release|Any CPU.Build.0 = Release|Any CPU
		{D1B2BF57-48C9-481B-8FFD-740854E7169F}.Debug|Any CPU.ActiveCfg = Debug
		{D1B2BF57-48C9-481B-8FFD-740854E7169F}.Release|Any CPU.ActiveCfg = Release
		{701D4FA8-F8A8-41C7-A641-A740C909CE8A}.Debug|Any CPU.ActiveCfg = Debug|Any CPU
		{701D4FA8-F8A8-41C7-A641-A740C909CE8A}.Debug|Any CPU.Build.0 = Debug|Any CPU
		{701D4FA8-F8A8-41C7-A641-A740C909CE8A}.Release|Any CPU.ActiveCfg = Release|Any CPU
		{701D4FA8-F8A8-41C7-A641-A740C909CE8A}.Release|Any CPU.Build.0 = Release|Any CPU
		{E7C970D5-C16F-46BC-916A-DE707311C152}.Debug|Any CPU.ActiveCfg = Debug
		{E7C970D5-C16F-46BC-916A-DE707311C152}.Release|Any CPU.ActiveCfg = Release
	EndGlobalSection
	GlobalSection(SolutionProperties) = preSolution
		HideSolutionNode = FALSE
	EndGlobalSection
	GlobalSection(ExtensibilityGlobals) = postSolution
		SolutionGuid = {8D050B5A-BE58-41C2-A202-EE16BC49B73C}
	EndGlobalSection
EndGlobal
